
Microsoft Visual Studio Solution File, Format Version 12.00
# Visual Studio 15
VisualStudioVersion = 15.0.28307.572
MinimumVisualStudioVersion = 10.0.40219.1
Project("{FAE04EC0-301F-11D3-BF4B-00C04F79EFBC}") = "GestionRRHH", "GestionRRHH\GestionRRHH.csproj", "{6DAEB1EA-F9E0-4CD6-8E9E-A4818F85B622}"
EndProject
Global
	GlobalSection(SolutionConfigurationPlatforms) = preSolution
		Debug|Any CPU = Debug|Any CPU
		Release|Any CPU = Release|Any CPU
	EndGlobalSection
	GlobalSection(ProjectConfigurationPlatforms) = postSolution
		{6DAEB1EA-F9E0-4CD6-8E9E-A4818F85B622}.Debug|Any CPU.ActiveCfg = Debug|Any CPU
		{6DAEB1EA-F9E0-4CD6-8E9E-A4818F85B622}.Debug|Any CPU.Build.0 = Debug|Any CPU
		{6DAEB1EA-F9E0-4CD6-8E9E-A4818F85B622}.Release|Any CPU.ActiveCfg = Release|Any CPU
		{6DAEB1EA-F9E0-4CD6-8E9E-A4818F85B622}.Release|Any CPU.Build.0 = Release|Any CPU
	EndGlobalSection
	GlobalSection(SolutionProperties) = preSolution
		HideSolutionNode = FALSE
	EndGlobalSection
	GlobalSection(ExtensibilityGlobals) = postSolution
		SolutionGuid = {E572205F-0569-470D-9EE8-F592F2B204B7}
	EndGlobalSection
EndGlobal
